
Microsoft Visual Studio Solution File, Format Version 12.00
# Visual Studio Version 17
VisualStudioVersion = 17.4.33403.182
MinimumVisualStudioVersion = 10.0.40219.1
Project("{FAE04EC0-301F-11D3-BF4B-00C04F79EFBC}") = "PizzaResturantDrink", "PizzaResturantDrink\PizzaResturantDrink.csproj", "{14D1E0AC-B630-4184-A05F-C79A9A22B0A4}"
EndProject
Project("{FAE04EC0-301F-11D3-BF4B-00C04F79EFBC}") = "DBLayer", "DBLayer\DBLayer.csproj", "{08785EF3-BD35-445D-B3E1-C6B398A02B49}"
EndProject
Global
	GlobalSection(SolutionConfigurationPlatforms) = preSolution
		Debug|Any CPU = Debug|Any CPU
		Release|Any CPU = Release|Any CPU
	EndGlobalSection
	GlobalSection(ProjectConfigurationPlatforms) = postSolution
		{14D1E0AC-B630-4184-A05F-C79A9A22B0A4}.Debug|Any CPU.ActiveCfg = Debug|Any CPU
		{14D1E0AC-B630-4184-A05F-C79A9A22B0A4}.Debug|Any CPU.Build.0 = Debug|Any CPU
		{14D1E0AC-B630-4184-A05F-C79A9A22B0A4}.Release|Any CPU.ActiveCfg = Release|Any CPU
		{14D1E0AC-B630-4184-A05F-C79A9A22B0A4}.Release|Any CPU.Build.0 = Release|Any CPU
		{08785EF3-BD35-445D-B3E1-C6B398A02B49}.Debug|Any CPU.ActiveCfg = Debug|Any CPU
		{08785EF3-BD35-445D-B3E1-C6B398A02B49}.Debug|Any CPU.Build.0 = Debug|Any CPU
		{08785EF3-BD35-445D-B3E1-C6B398A02B49}.Release|Any CPU.ActiveCfg = Release|Any CPU
		{08785EF3-BD35-445D-B3E1-C6B398A02B49}.Release|Any CPU.Build.0 = Release|Any CPU
	EndGlobalSection
	GlobalSection(SolutionProperties) = preSolution
		HideSolutionNode = FALSE
	EndGlobalSection
	GlobalSection(ExtensibilityGlobals) = postSolution
		SolutionGuid = {650B7756-ED95-44AC-A47C-20AAB6F9FA9B}
	EndGlobalSection
EndGlobal
